
Microsoft Visual Studio Solution File, Format Version 12.00
# Visual Studio Version 17
VisualStudioVersion = 17.0.31903.59
MinimumVisualStudioVersion = 10.0.40219.1
Project("{FAE04EC0-301F-11D3-BF4B-00C04F79EFBC}") = "Pharmacy.Domain", "Pharmacy.Domain\Pharmacy.Domain.csproj", "{0399F980-21A2-434B-8D54-398892586A17}"
EndProject
Project("{FAE04EC0-301F-11D3-BF4B-00C04F79EFBC}") = "Pharmacy.Infrastructure", "Pharmacy.Infrastructure\Pharmacy.Infrastructure.csproj", "{AFA402DD-9DCF-4990-9CE5-800ED44FAF6F}"
EndProject
Project("{FAE04EC0-301F-11D3-BF4B-00C04F79EFBC}") = "Pharmacy.UI", "Pharmacy.UI\Pharmacy.UI.csproj", "{51F2EB17-1EBB-494D-8F6C-F1FB68C99860}"
EndProject
Global
	GlobalSection(SolutionProperties) = preSolution
		HideSolutionNode = FALSE
	EndGlobalSection
	GlobalSection(SolutionConfigurationPlatforms) = preSolution
		Debug|Any CPU = Debug|Any CPU
		Debug|x64 = Debug|x64
		Debug|x86 = Debug|x86
		Release|Any CPU = Release|Any CPU
		Release|x64 = Release|x64
		Release|x86 = Release|x86
	EndGlobalSection
	GlobalSection(ProjectConfigurationPlatforms) = postSolution
		{0399F980-21A2-434B-8D54-398892586A17}.Debug|Any CPU.ActiveCfg = Debug|Any CPU
		{0399F980-21A2-434B-8D54-398892586A17}.Debug|Any CPU.Build.0 = Debug|Any CPU
		{0399F980-21A2-434B-8D54-398892586A17}.Debug|x64.ActiveCfg = Debug|Any CPU
		{0399F980-21A2-434B-8D54-398892586A17}.Debug|x64.Build.0 = Debug|Any CPU
		{0399F980-21A2-434B-8D54-398892586A17}.Debug|x86.ActiveCfg = Debug|Any CPU
		{0399F980-21A2-434B-8D54-398892586A17}.Debug|x86.Build.0 = Debug|Any CPU
		{0399F980-21A2-434B-8D54-398892586A17}.Release|Any CPU.ActiveCfg = Release|Any CPU
		{0399F980-21A2-434B-8D54-398892586A17}.Release|Any CPU.Build.0 = Release|Any CPU
		{0399F980-21A2-434B-8D54-398892586A17}.Release|x64.ActiveCfg = Release|Any CPU
		{0399F980-21A2-434B-8D54-398892586A17}.Release|x64.Build.0 = Release|Any CPU
		{0399F980-21A2-434B-8D54-398892586A17}.Release|x86.ActiveCfg = Release|Any CPU
		{0399F980-21A2-434B-8D54-398892586A17}.Release|x86.Build.0 = Release|Any CPU
		{AFA402DD-9DCF-4990-9CE5-800ED44FAF6F}.Debug|Any CPU.ActiveCfg = Debug|Any CPU
		{AFA402DD-9DCF-4990-9CE5-800ED44FAF6F}.Debug|Any CPU.Build.0 = Debug|Any CPU
		{AFA402DD-9DCF-4990-9CE5-800ED44FAF6F}.Debug|x64.ActiveCfg = Debug|Any CPU
		{AFA402DD-9DCF-4990-9CE5-800ED44FAF6F}.Debug|x64.Build.0 = Debug|Any CPU
		{AFA402DD-9DCF-4990-9CE5-800ED44FAF6F}.Debug|x86.ActiveCfg = Debug|Any CPU
		{AFA402DD-9DCF-4990-9CE5-800ED44FAF6F}.Debug|x86.Build.0 = Debug|Any CPU
		{AFA402DD-9DCF-4990-9CE5-800ED44FAF6F}.Release|Any CPU.ActiveCfg = Release|Any CPU
		{AFA402DD-9DCF-4990-9CE5-800ED44FAF6F}.Release|Any CPU.Build.0 = Release|Any CPU
		{AFA402DD-9DCF-4990-9CE5-800ED44FAF6F}.Release|x64.ActiveCfg = Release|Any CPU
		{AFA402DD-9DCF-4990-9CE5-800ED44FAF6F}.Release|x64.Build.0 = Release|Any CPU
		{AFA402DD-9DCF-4990-9CE5-800ED44FAF6F}.Release|x86.ActiveCfg = Release|Any CPU
		{AFA402DD-9DCF-4990-9CE5-800ED44FAF6F}.Release|x86.Build.0 = Release|Any CPU
		{51F2EB17-1EBB-494D-8F6C-F1FB68C99860}.Debug|Any CPU.ActiveCfg = Debug|Any CPU
		{51F2EB17-1EBB-494D-8F6C-F1FB68C99860}.Debug|Any CPU.Build.0 = Debug|Any CPU
		{51F2EB17-1EBB-494D-8F6C-F1FB68C99860}.Debug|x64.ActiveCfg = Debug|Any CPU
		{51F2EB17-1EBB-494D-8F6C-F1FB68C99860}.Debug|x64.Build.0 = Debug|Any CPU
		{51F2EB17-1EBB-494D-8F6C-F1FB68C99860}.Debug|x86.ActiveCfg = Debug|Any CPU
		{51F2EB17-1EBB-494D-8F6C-F1FB68C99860}.Debug|x86.Build.0 = Debug|Any CPU
		{51F2EB17-1EBB-494D-8F6C-F1FB68C99860}.Release|Any CPU.ActiveCfg = Release|Any CPU
		{51F2EB17-1EBB-494D-8F6C-F1FB68C99860}.Release|Any CPU.Build.0 = Release|Any CPU
		{51F2EB17-1EBB-494D-8F6C-F1FB68C99860}.Release|x64.ActiveCfg = Release|Any CPU
		{51F2EB17-1EBB-494D-8F6C-F1FB68C99860}.Release|x64.Build.0 = Release|Any CPU
		{51F2EB17-1EBB-494D-8F6C-F1FB68C99860}.Release|x86.ActiveCfg = Release|Any CPU
		{51F2EB17-1EBB-494D-8F6C-F1FB68C99860}.Release|x86.Build.0 = Release|Any CPU
	EndGlobalSection
EndGlobal
